
Microsoft Visual Studio Solution File, Format Version 12.00
# Visual Studio Version 17
VisualStudioVersion = 17.5.33424.131
MinimumVisualStudioVersion = 10.0.40219.1
Project("{888888A0-9F3D-457C-B088-3A5042F75D52}") = "dynamic_rrt_connect", "dynamic_rrt_connect.pyproj", "{122FE23E-571A-484A-A7E9-B26232C2803F}"
EndProject
Global
	GlobalSection(SolutionConfigurationPlatforms) = preSolution
		Debug|Any CPU = Debug|Any CPU
		Release|Any CPU = Release|Any CPU
	EndGlobalSection
	GlobalSection(ProjectConfigurationPlatforms) = postSolution
		{122FE23E-571A-484A-A7E9-B26232C2803F}.Debug|Any CPU.ActiveCfg = Debug|Any CPU
		{122FE23E-571A-484A-A7E9-B26232C2803F}.Release|Any CPU.ActiveCfg = Release|Any CPU
	EndGlobalSection
	GlobalSection(SolutionProperties) = preSolution
		HideSolutionNode = FALSE
	EndGlobalSection
	GlobalSection(ExtensibilityGlobals) = postSolution
		SolutionGuid = {8E2D7A18-C952-4898-966F-32AB3BD974AD}
	EndGlobalSection
EndGlobal
